// !$*UTF8*$!
{
	archiveVersion = 1;
	classes = {
	};
	objectVersion = 77;
	objects = {

/* Begin PBXBuildFile section */
		AAB5395A2ED05D6A00BCFE4C /* AppDelegate.swift in Sources */ = {isa = PBXBuildFile; fileRef = AAB539592ED05D6A00BCFE4C /* AppDelegate.swift */; };
		AAB5395E2ED05D6A00BCFE4C /* Main.html in Resources */ = {isa = PBXBuildFile; fileRef = AAB5395C2ED05D6A00BCFE4C /* Main.html */; };
		AAB539602ED05D6A00BCFE4C /* Icon.png in Resources */ = {isa = PBXBuildFile; fileRef = AAB5395F2ED05D6A00BCFE4C /* Icon.png */; };
		AAB539622ED05D6A00BCFE4C /* Style.css in Resources */ = {isa = PBXBuildFile; fileRef = AAB539612ED05D6A00BCFE4C /* Style.css */; };
		AAB539642ED05D6A00BCFE4C /* Script.js in Resources */ = {isa = PBXBuildFile; fileRef = AAB539632ED05D6A00BCFE4C /* Script.js */; };
		AAB539662ED05D6A00BCFE4C /* ViewController.swift in Sources */ = {isa = PBXBuildFile; fileRef = AAB539652ED05D6A00BCFE4C /* ViewController.swift */; };
		AAB539692ED05D6A00BCFE4C /* Main.storyboard in Resources */ = {isa = PBXBuildFile; fileRef = AAB539672ED05D6A00BCFE4C /* Main.storyboard */; };
		AAB5396B2ED05D6B00BCFE4C /* Assets.xcassets in Resources */ = {isa = PBXBuildFile; fileRef = AAB5396A2ED05D6B00BCFE4C /* Assets.xcassets */; };
		AAB539722ED05D6B00BCFE4C /* Motrix Extension Extension.appex in Embed Foundation Extensions */ = {isa = PBXBuildFile; fileRef = AAB539712ED05D6B00BCFE4C /* Motrix Extension Extension.appex */; settings = {ATTRIBUTES = (RemoveHeadersOnCopy, ); }; };
		AAB539772ED05D6B00BCFE4C /* SafariWebExtensionHandler.swift in Sources */ = {isa = PBXBuildFile; fileRef = AAB539762ED05D6B00BCFE4C /* SafariWebExtensionHandler.swift */; };
		AAB539882ED05D6B00BCFE4C /* background.js in Resources */ = {isa = PBXBuildFile; fileRef = AAB539832ED05D6B00BCFE4C /* background.js */; };
		AAB539892ED05D6B00BCFE4C /* images in Resources */ = {isa = PBXBuildFile; fileRef = AAB539842ED05D6B00BCFE4C /* images */; };
		AAB5398A2ED05D6B00BCFE4C /* options.js in Resources */ = {isa = PBXBuildFile; fileRef = AAB539852ED05D6B00BCFE4C /* options.js */; };
		AAB5398B2ED05D6B00BCFE4C /* manifest.json in Resources */ = {isa = PBXBuildFile; fileRef = AAB539862ED05D6B00BCFE4C /* manifest.json */; };
		AAB5398C2ED05D6B00BCFE4C /* options.html in Resources */ = {isa = PBXBuildFile; fileRef = AAB539872ED05D6B00BCFE4C /* options.html */; };
/* End PBXBuildFile section */

/* Begin PBXContainerItemProxy section */
		AAB539732ED05D6B00BCFE4C /* PBXContainerItemProxy */ = {
			isa = PBXContainerItemProxy;
			containerPortal = AAB5394E2ED05D6A00BCFE4C /* Project object */;
			proxyType = 1;
			remoteGlobalIDString = AAB539702ED05D6B00BCFE4C;
			remoteInfo = "Motrix Extension Extension";
		};
/* End PBXContainerItemProxy section */

/* Begin PBXCopyFilesBuildPhase section */
		AAB5397E2ED05D6B00BCFE4C /* Embed Foundation Extensions */ = {
			isa = PBXCopyFilesBuildPhase;
			buildActionMask = 2147483647;
			dstPath = "";
			dstSubfolderSpec = 13;
			files = (
				AAB539722ED05D6B00BCFE4C /* Motrix Extension Extension.appex in Embed Foundation Extensions */,
			);
			name = "Embed Foundation Extensions";
			runOnlyForDeploymentPostprocessing = 0;
		};
/* End PBXCopyFilesBuildPhase section */

/* Begin PBXFileReference section */
		AAB539562ED05D6A00BCFE4C /* Motrix Extension.app */ = {isa = PBXFileReference; explicitFileType = wrapper.application; includeInIndex = 0; path = "Motrix Extension.app"; sourceTree = BUILT_PRODUCTS_DIR; };
		AAB539592ED05D6A00BCFE4C /* AppDelegate.swift */ = {isa = PBXFileReference; lastKnownFileType = sourcecode.swift; path = AppDelegate.swift; sourceTree = "<group>"; };
		AAB5395D2ED05D6A00BCFE4C /* Base */ = {isa = PBXFileReference; lastKnownFileType = text.html; name = Base; path = Base.lproj/Main.html; sourceTree = "<group>"; };
		AAB5395F2ED05D6A00BCFE4C /* Icon.png */ = {isa = PBXFileReference; lastKnownFileType = image.png; path = Icon.png; sourceTree = "<group>"; };
		AAB539612ED05D6A00BCFE4C /* Style.css */ = {isa = PBXFileReference; lastKnownFileType = text.css; path = Style.css; sourceTree = "<group>"; };
		AAB539632ED05D6A00BCFE4C /* Script.js */ = {isa = PBXFileReference; lastKnownFileType = sourcecode.javascript; path = Script.js; sourceTree = "<group>"; };
		AAB539652ED05D6A00BCFE4C /* ViewController.swift */ = {isa = PBXFileReference; lastKnownFileType = sourcecode.swift; path = ViewController.swift; sourceTree = "<group>"; };
		AAB539682ED05D6A00BCFE4C /* Base */ = {isa = PBXFileReference; lastKnownFileType = file.storyboard; name = Base; path = Base.lproj/Main.storyboard; sourceTree = "<group>"; };
		AAB5396A2ED05D6B00BCFE4C /* Assets.xcassets */ = {isa = PBXFileReference; lastKnownFileType = folder.assetcatalog; path = Assets.xcassets; sourceTree = "<group>"; };
		AAB5396C2ED05D6B00BCFE4C /* Info.plist */ = {isa = PBXFileReference; lastKnownFileType = text.plist.xml; path = Info.plist; sourceTree = "<group>"; };
		AAB539712ED05D6B00BCFE4C /* Motrix Extension Extension.appex */ = {isa = PBXFileReference; explicitFileType = "wrapper.app-extension"; includeInIndex = 0; path = "Motrix Extension Extension.appex"; sourceTree = BUILT_PRODUCTS_DIR; };
		AAB539762ED05D6B00BCFE4C /* SafariWebExtensionHandler.swift */ = {isa = PBXFileReference; lastKnownFileType = sourcecode.swift; path = SafariWebExtensionHandler.swift; sourceTree = "<group>"; };
		AAB539782ED05D6B00BCFE4C /* Info.plist */ = {isa = PBXFileReference; lastKnownFileType = text.plist.xml; path = Info.plist; sourceTree = "<group>"; };
		AAB539832ED05D6B00BCFE4C /* background.js */ = {isa = PBXFileReference; lastKnownFileType = sourcecode.javascript; name = background.js; path = Resources/background.js; sourceTree = "<group>"; };
		AAB539842ED05D6B00BCFE4C /* images */ = {isa = PBXFileReference; lastKnownFileType = folder; name = images; path = Resources/images; sourceTree = "<group>"; };
		AAB539852ED05D6B00BCFE4C /* options.js */ = {isa = PBXFileReference; lastKnownFileType = sourcecode.javascript; name = options.js; path = Resources/options.js; sourceTree = "<group>"; };
		AAB539862ED05D6B00BCFE4C /* manifest.json */ = {isa = PBXFileReference; lastKnownFileType = text.json; name = manifest.json; path = Resources/manifest.json; sourceTree = "<group>"; };
		AAB539872ED05D6B00BCFE4C /* options.html */ = {isa = PBXFileReference; lastKnownFileType = text.html; name = options.html; path = Resources/options.html; sourceTree = "<group>"; };
/* End PBXFileReference section */

/* Begin PBXFrameworksBuildPhase section */
		AAB539532ED05D6A00BCFE4C /* Frameworks */ = {
			isa = PBXFrameworksBuildPhase;
			buildActionMask = 2147483647;
			files = (
			);
			runOnlyForDeploymentPostprocessing = 0;
		};
		AAB5396E2ED05D6B00BCFE4C /* Frameworks */ = {
			isa = PBXFrameworksBuildPhase;
			buildActionMask = 2147483647;
			files = (
			);
			runOnlyForDeploymentPostprocessing = 0;
		};
/* End PBXFrameworksBuildPhase section */

/* Begin PBXGroup section */
		AAB5394D2ED05D6A00BCFE4C = {
			isa = PBXGroup;
			children = (
				AAB539582ED05D6A00BCFE4C /* Motrix Extension */,
				AAB539752ED05D6B00BCFE4C /* Motrix Extension Extension */,
				AAB539572ED05D6A00BCFE4C /* Products */,
			);
			sourceTree = "<group>";
		};
		AAB539572ED05D6A00BCFE4C /* Products */ = {
			isa = PBXGroup;
			children = (
				AAB539562ED05D6A00BCFE4C /* Motrix Extension.app */,
				AAB539712ED05D6B00BCFE4C /* Motrix Extension Extension.appex */,
			);
			name = Products;
			sourceTree = "<group>";
		};
		AAB539582ED05D6A00BCFE4C /* Motrix Extension */ = {
			isa = PBXGroup;
			children = (
				AAB539592ED05D6A00BCFE4C /* AppDelegate.swift */,
				AAB539652ED05D6A00BCFE4C /* ViewController.swift */,
				AAB539672ED05D6A00BCFE4C /* Main.storyboard */,
				AAB5396A2ED05D6B00BCFE4C /* Assets.xcassets */,
				AAB5396C2ED05D6B00BCFE4C /* Info.plist */,
				AAB5395B2ED05D6A00BCFE4C /* Resources */,
			);
			path = "Motrix Extension";
			sourceTree = "<group>";
		};
		AAB5395B2ED05D6A00BCFE4C /* Resources */ = {
			isa = PBXGroup;
			children = (
				AAB5395C2ED05D6A00BCFE4C /* Main.html */,
				AAB5395F2ED05D6A00BCFE4C /* Icon.png */,
				AAB539612ED05D6A00BCFE4C /* Style.css */,
				AAB539632ED05D6A00BCFE4C /* Script.js */,
			);
			path = Resources;
			sourceTree = "<group>";
		};
		AAB539752ED05D6B00BCFE4C /* Motrix Extension Extension */ = {
			isa = PBXGroup;
			children = (
				AAB539822ED05D6B00BCFE4C /* Resources */,
				AAB539762ED05D6B00BCFE4C /* SafariWebExtensionHandler.swift */,
				AAB539782ED05D6B00BCFE4C /* Info.plist */,
			);
			path = "Motrix Extension Extension";
			sourceTree = "<group>";
		};
		AAB539822ED05D6B00BCFE4C /* Resources */ = {
			isa = PBXGroup;
			children = (
				AAB539832ED05D6B00BCFE4C /* background.js */,
				AAB539842ED05D6B00BCFE4C /* images */,
				AAB539852ED05D6B00BCFE4C /* options.js */,
				AAB539862ED05D6B00BCFE4C /* manifest.json */,
				AAB539872ED05D6B00BCFE4C /* options.html */,
			);
			name = Resources;
			path = "Motrix Extension Extension";
			sourceTree = SOURCE_ROOT;
		};
/* End PBXGroup section */

/* Begin PBXNativeTarget section */
		AAB539552ED05D6A00BCFE4C /* Motrix Extension */ = {
			isa = PBXNativeTarget;
			buildConfigurationList = AAB5397F2ED05D6B00BCFE4C /* Build configuration list for PBXNativeTarget "Motrix Extension" */;
			buildPhases = (
				AAB539522ED05D6A00BCFE4C /* Sources */,
				AAB539532ED05D6A00BCFE4C /* Frameworks */,
				AAB539542ED05D6A00BCFE4C /* Resources */,
				AAB5397E2ED05D6B00BCFE4C /* Embed Foundation Extensions */,
			);
			buildRules = (
			);
			dependencies = (
				AAB539742ED05D6B00BCFE4C /* PBXTargetDependency */,
			);
			name = "Motrix Extension";
			packageProductDependencies = (
			);
			productName = "Motrix Extension";
			productReference = AAB539562ED05D6A00BCFE4C /* Motrix Extension.app */;
			productType = "com.apple.product-type.application";
		};
		AAB539702ED05D6B00BCFE4C /* Motrix Extension Extension */ = {
			isa = PBXNativeTarget;
			buildConfigurationList = AAB5397B2ED05D6B00BCFE4C /* Build configuration list for PBXNativeTarget "Motrix Extension Extension" */;
			buildPhases = (
				AAB5396D2ED05D6B00BCFE4C /* Sources */,
				AAB5396E2ED05D6B00BCFE4C /* Frameworks */,
				AAB5396F2ED05D6B00BCFE4C /* Resources */,
			);
			buildRules = (
			);
			dependencies = (
			);
			name = "Motrix Extension Extension";
			packageProductDependencies = (
			);
			productName = "Motrix Extension Extension";
			productReference = AAB539712ED05D6B00BCFE4C /* Motrix Extension Extension.appex */;
			productType = "com.apple.product-type.app-extension";
		};
/* End PBXNativeTarget section */

/* Begin PBXProject section */
		AAB5394E2ED05D6A00BCFE4C /* Project object */ = {
			isa = PBXProject;
			attributes = {
				BuildIndependentTargetsInParallel = 1;
				LastSwiftUpdateCheck = 2610;
				LastUpgradeCheck = 2610;
				TargetAttributes = {
					AAB539552ED05D6A00BCFE4C = {
						CreatedOnToolsVersion = 26.1.1;
					};
					AAB539702ED05D6B00BCFE4C = {
						CreatedOnToolsVersion = 26.1.1;
					};
				};
			};
			buildConfigurationList = AAB539512ED05D6A00BCFE4C /* Build configuration list for PBXProject "Motrix Extension" */;
			developmentRegion = en;
			hasScannedForEncodings = 0;
			knownRegions = (
				en,
				Base,
			);
			mainGroup = AAB5394D2ED05D6A00BCFE4C;
			minimizedProjectReferenceProxies = 1;
			preferredProjectObjectVersion = 77;
			productRefGroup = AAB539572ED05D6A00BCFE4C /* Products */;
			projectDirPath = "";
			projectRoot = "";
			targets = (
				AAB539552ED05D6A00BCFE4C /* Motrix Extension */,
				AAB539702ED05D6B00BCFE4C /* Motrix Extension Extension */,
			);
		};
/* End PBXProject section */

/* Begin PBXResourcesBuildPhase section */
		AAB539542ED05D6A00BCFE4C /* Resources */ = {
			isa = PBXResourcesBuildPhase;
			buildActionMask = 2147483647;
			files = (
				AAB539602ED05D6A00BCFE4C /* Icon.png in Resources */,
				AAB539692ED05D6A00BCFE4C /* Main.storyboard in Resources */,
				AAB539642ED05D6A00BCFE4C /* Script.js in Resources */,
				AAB5395E2ED05D6A00BCFE4C /* Main.html in Resources */,
				AAB5396B2ED05D6B00BCFE4C /* Assets.xcassets in Resources */,
				AAB539622ED05D6A00BCFE4C /* Style.css in Resources */,
			);
			runOnlyForDeploymentPostprocessing = 0;
		};
		AAB5396F2ED05D6B00BCFE4C /* Resources */ = {
			isa = PBXResourcesBuildPhase;
			buildActionMask = 2147483647;
			files = (
				AAB5398B2ED05D6B00BCFE4C /* manifest.json in Resources */,
				AAB539892ED05D6B00BCFE4C /* images in Resources */,
				AAB5398C2ED05D6B00BCFE4C /* options.html in Resources */,
				AAB5398A2ED05D6B00BCFE4C /* options.js in Resources */,
				AAB539882ED05D6B00BCFE4C /* background.js in Resources */,
			);
			runOnlyForDeploymentPostprocessing = 0;
		};
/* End PBXResourcesBuildPhase section */

/* Begin PBXSourcesBuildPhase section */
		AAB539522ED05D6A00BCFE4C /* Sources */ = {
			isa = PBXSourcesBuildPhase;
			buildActionMask = 2147483647;
			files = (
				AAB539662ED05D6A00BCFE4C /* ViewController.swift in Sources */,
				AAB5395A2ED05D6A00BCFE4C /* AppDelegate.swift in Sources */,
			);
			runOnlyForDeploymentPostprocessing = 0;
		};
		AAB5396D2ED05D6B00BCFE4C /* Sources */ = {
			isa = PBXSourcesBuildPhase;
			buildActionMask = 2147483647;
			files = (
				AAB539772ED05D6B00BCFE4C /* SafariWebExtensionHandler.swift in Sources */,
			);
			runOnlyForDeploymentPostprocessing = 0;
		};
/* End PBXSourcesBuildPhase section */

/* Begin PBXTargetDependency section */
		AAB539742ED05D6B00BCFE4C /* PBXTargetDependency */ = {
			isa = PBXTargetDependency;
			target = AAB539702ED05D6B00BCFE4C /* Motrix Extension Extension */;
			targetProxy = AAB539732ED05D6B00BCFE4C /* PBXContainerItemProxy */;
		};
/* End PBXTargetDependency section */

/* Begin PBXVariantGroup section */
		AAB5395C2ED05D6A00BCFE4C /* Main.html */ = {
			isa = PBXVariantGroup;
			children = (
				AAB5395D2ED05D6A00BCFE4C /* Base */,
			);
			name = Main.html;
			sourceTree = "<group>";
		};
		AAB539672ED05D6A00BCFE4C /* Main.storyboard */ = {
			isa = PBXVariantGroup;
			children = (
				AAB539682ED05D6A00BCFE4C /* Base */,
			);
			name = Main.storyboard;
			sourceTree = "<group>";
		};
/* End PBXVariantGroup section */

/* Begin XCBuildConfiguration section */
		AAB539792ED05D6B00BCFE4C /* Debug */ = {
			isa = XCBuildConfiguration;
			buildSettings = {
				ALWAYS_SEARCH_USER_PATHS = NO;
				ASSETCATALOG_COMPILER_GENERATE_SWIFT_ASSET_SYMBOL_EXTENSIONS = YES;
				CLANG_ANALYZER_NONNULL = YES;
				CLANG_ANALYZER_NUMBER_OBJECT_CONVERSION = YES_AGGRESSIVE;
				CLANG_CXX_LANGUAGE_STANDARD = "gnu++20";
				CLANG_ENABLE_MODULES = YES;
				CLANG_ENABLE_OBJC_ARC = YES;
				CLANG_ENABLE_OBJC_WEAK = YES;
				CLANG_WARN_BLOCK_CAPTURE_AUTORELEASING = YES;
				CLANG_WARN_BOOL_CONVERSION = YES;
				CLANG_WARN_COMMA = YES;
				CLANG_WARN_CONSTANT_CONVERSION = YES;
				CLANG_WARN_DEPRECATED_OBJC_IMPLEMENTATIONS = YES;
				CLANG_WARN_DIRECT_OBJC_ISA_USAGE = YES_ERROR;
				CLANG_WARN_DOCUMENTATION_COMMENTS = YES;
				CLANG_WARN_EMPTY_BODY = YES;
				CLANG_WARN_ENUM_CONVERSION = YES;
				CLANG_WARN_INFINITE_RECURSION = YES;
				CLANG_WARN_INT_CONVERSION = YES;
				CLANG_WARN_NON_LITERAL_NULL_CONVERSION = YES;
				CLANG_WARN_OBJC_IMPLICIT_RETAIN_SELF = YES;
				CLANG_WARN_OBJC_LITERAL_CONVERSION = YES;
				CLANG_WARN_OBJC_ROOT_CLASS = YES_ERROR;
				CLANG_WARN_QUOTED_INCLUDE_IN_FRAMEWORK_HEADER = YES;
				CLANG_WARN_RANGE_LOOP_ANALYSIS = YES;
				CLANG_WARN_STRICT_PROTOTYPES = YES;
				CLANG_WARN_SUSPICIOUS_MOVE = YES;
				CLANG_WARN_UNGUARDED_AVAILABILITY = YES_AGGRESSIVE;
				CLANG_WARN_UNREACHABLE_CODE = YES;
				CLANG_WARN__DUPLICATE_METHOD_MATCH = YES;
				COPY_PHASE_STRIP = NO;
				DEBUG_INFORMATION_FORMAT = dwarf;
				ENABLE_STRICT_OBJC_MSGSEND = YES;
				ENABLE_TESTABILITY = YES;
				ENABLE_USER_SCRIPT_SANDBOXING = YES;
				GCC_C_LANGUAGE_STANDARD = gnu17;
				GCC_DYNAMIC_NO_PIC = NO;
				GCC_NO_COMMON_BLOCKS = YES;
				GCC_OPTIMIZATION_LEVEL = 0;
				GCC_PREPROCESSOR_DEFINITIONS = (
					"DEBUG=1",
					"$(inherited)",
				);
				GCC_WARN_64_TO_32_BIT_CONVERSION = YES;
				GCC_WARN_ABOUT_RETURN_TYPE = YES_ERROR;
				GCC_WARN_UNDECLARED_SELECTOR = YES;
				GCC_WARN_UNINITIALIZED_AUTOS = YES_AGGRESSIVE;
				GCC_WARN_UNUSED_FUNCTION = YES;
				GCC_WARN_UNUSED_VARIABLE = YES;
				LOCALIZATION_PREFERS_STRING_CATALOGS = YES;
				MACOSX_DEPLOYMENT_TARGET = 26.1;
				MTL_ENABLE_DEBUG_INFO = INCLUDE_SOURCE;
				MTL_FAST_MATH = YES;
				ONLY_ACTIVE_ARCH = YES;
				SDKROOT = macosx;
				SWIFT_ACTIVE_COMPILATION_CONDITIONS = "DEBUG $(inherited)";
				SWIFT_OPTIMIZATION_LEVEL = "-Onone";
			};
			name = Debug;
		};
		AAB5397A2ED05D6B00BCFE4C /* Release */ = {
			isa = XCBuildConfiguration;
			buildSettings = {
				ALWAYS_SEARCH_USER_PATHS = NO;
				ASSETCATALOG_COMPILER_GENERATE_SWIFT_ASSET_SYMBOL_EXTENSIONS = YES;
				CLANG_ANALYZER_NONNULL = YES;
				CLANG_ANALYZER_NUMBER_OBJECT_CONVERSION = YES_AGGRESSIVE;
				CLANG_CXX_LANGUAGE_STANDARD = "gnu++20";
				CLANG_ENABLE_MODULES = YES;
				CLANG_ENABLE_OBJC_ARC = YES;
				CLANG_ENABLE_OBJC_WEAK = YES;
				CLANG_WARN_BLOCK_CAPTURE_AUTORELEASING = YES;
				CLANG_WARN_BOOL_CONVERSION = YES;
				CLANG_WARN_COMMA = YES;
				CLANG_WARN_CONSTANT_CONVERSION = YES;
				CLANG_WARN_DEPRECATED_OBJC_IMPLEMENTATIONS = YES;
				CLANG_WARN_DIRECT_OBJC_ISA_USAGE = YES_ERROR;
				CLANG_WARN_DOCUMENTATION_COMMENTS = YES;
				CLANG_WARN_EMPTY_BODY = YES;
				CLANG_WARN_ENUM_CONVERSION = YES;
				CLANG_WARN_INFINITE_RECURSION = YES;
				CLANG_WARN_INT_CONVERSION = YES;
				CLANG_WARN_NON_LITERAL_NULL_CONVERSION = YES;
				CLANG_WARN_OBJC_IMPLICIT_RETAIN_SELF = YES;
				CLANG_WARN_OBJC_LITERAL_CONVERSION = YES;
				CLANG_WARN_OBJC_ROOT_CLASS = YES_ERROR;
				CLANG_WARN_QUOTED_INCLUDE_IN_FRAMEWORK_HEADER = YES;
				CLANG_WARN_RANGE_LOOP_ANALYSIS = YES;
				CLANG_WARN_STRICT_PROTOTYPES = YES;
				CLANG_WARN_SUSPICIOUS_MOVE = YES;
				CLANG_WARN_UNGUARDED_AVAILABILITY = YES_AGGRESSIVE;
				CLANG_WARN_UNREACHABLE_CODE = YES;
				CLANG_WARN__DUPLICATE_METHOD_MATCH = YES;
				COPY_PHASE_STRIP = NO;
				DEBUG_INFORMATION_FORMAT = "dwarf-with-dsym";
				ENABLE_NS_ASSERTIONS = NO;
				ENABLE_STRICT_OBJC_MSGSEND = YES;
				ENABLE_USER_SCRIPT_SANDBOXING = YES;
				GCC_C_LANGUAGE_STANDARD = gnu17;
				GCC_NO_COMMON_BLOCKS = YES;
				GCC_WARN_64_TO_32_BIT_CONVERSION = YES;
				GCC_WARN_ABOUT_RETURN_TYPE = YES_ERROR;
				GCC_WARN_UNDECLARED_SELECTOR = YES;
				GCC_WARN_UNINITIALIZED_AUTOS = YES_AGGRESSIVE;
				GCC_WARN_UNUSED_FUNCTION = YES;
				GCC_WARN_UNUSED_VARIABLE = YES;
				LOCALIZATION_PREFERS_STRING_CATALOGS = YES;
				MACOSX_DEPLOYMENT_TARGET = 26.1;
				MTL_ENABLE_DEBUG_INFO = NO;
				MTL_FAST_MATH = YES;
				SDKROOT = macosx;
				SWIFT_COMPILATION_MODE = wholemodule;
			};
			name = Release;
		};
		AAB5397C2ED05D6B00BCFE4C /* Debug */ = {
			isa = XCBuildConfiguration;
			buildSettings = {
				CODE_SIGN_STYLE = Automatic;
				CURRENT_PROJECT_VERSION = 1;
				ENABLE_APP_SANDBOX = YES;
				ENABLE_HARDENED_RUNTIME = YES;
				ENABLE_USER_SELECTED_FILES = readonly;
				GENERATE_INFOPLIST_FILE = YES;
				INFOPLIST_FILE = "Motrix Extension Extension/Info.plist";
				INFOPLIST_KEY_CFBundleDisplayName = "Motrix Extension Extension";
				INFOPLIST_KEY_NSHumanReadableCopyright = "";
				LD_RUNPATH_SEARCH_PATHS = (
					"$(inherited)",
					"@executable_path/../Frameworks",
					"@executable_path/../../../../Frameworks",
				);
				MACOSX_DEPLOYMENT_TARGET = 10.14;
				MARKETING_VERSION = 1.0;
				OTHER_LDFLAGS = (
					"-framework",
					SafariServices,
				);
				PRODUCT_BUNDLE_IDENTIFIER = "net.motrix.safari-extension.Extension";
				PRODUCT_NAME = "$(TARGET_NAME)";
				SKIP_INSTALL = YES;
				STRING_CATALOG_GENERATE_SYMBOLS = YES;
				SWIFT_APPROACHABLE_CONCURRENCY = YES;
				SWIFT_EMIT_LOC_STRINGS = YES;
				SWIFT_UPCOMING_FEATURE_MEMBER_IMPORT_VISIBILITY = YES;
				SWIFT_VERSION = 5.0;
			};
			name = Debug;
		};
		AAB5397D2ED05D6B00BCFE4C /* Release */ = {
			isa = XCBuildConfiguration;
			buildSettings = {
				CODE_SIGN_STYLE = Automatic;
				CURRENT_PROJECT_VERSION = 1;
				ENABLE_APP_SANDBOX = YES;
				ENABLE_HARDENED_RUNTIME = YES;
				ENABLE_USER_SELECTED_FILES = readonly;
				GENERATE_INFOPLIST_FILE = YES;
				INFOPLIST_FILE = "Motrix Extension Extension/Info.plist";
				INFOPLIST_KEY_CFBundleDisplayName = "Motrix Extension Extension";
				INFOPLIST_KEY_NSHumanReadableCopyright = "";
				LD_RUNPATH_SEARCH_PATHS = (
					"$(inherited)",
					"@executable_path/../Frameworks",
					"@executable_path/../../../../Frameworks",
				);
				MACOSX_DEPLOYMENT_TARGET = 10.14;
				MARKETING_VERSION = 1.0;
				OTHER_LDFLAGS = (
					"-framework",
					SafariServices,
				);
				PRODUCT_BUNDLE_IDENTIFIER = "net.motrix.safari-extension.Extension";
				PRODUCT_NAME = "$(TARGET_NAME)";
				SKIP_INSTALL = YES;
				STRING_CATALOG_GENERATE_SYMBOLS = YES;
				SWIFT_APPROACHABLE_CONCURRENCY = YES;
				SWIFT_EMIT_LOC_STRINGS = YES;
				SWIFT_UPCOMING_FEATURE_MEMBER_IMPORT_VISIBILITY = YES;
				SWIFT_VERSION = 5.0;
			};
			name = Release;
		};
		AAB539802ED05D6B00BCFE4C /* Debug */ = {
			isa = XCBuildConfiguration;
			buildSettings = {
				ASSETCATALOG_COMPILER_APPICON_NAME = AppIcon;
				ASSETCATALOG_COMPILER_GLOBAL_ACCENT_COLOR_NAME = AccentColor;
				CODE_SIGN_STYLE = Automatic;
				COMBINE_HIDPI_IMAGES = YES;
				CURRENT_PROJECT_VERSION = 1;
				ENABLE_APP_SANDBOX = YES;
				ENABLE_HARDENED_RUNTIME = YES;
				ENABLE_OUTGOING_NETWORK_CONNECTIONS = YES;
				ENABLE_USER_SELECTED_FILES = readonly;
				GENERATE_INFOPLIST_FILE = YES;
				INFOPLIST_FILE = "Motrix Extension/Info.plist";
				INFOPLIST_KEY_CFBundleDisplayName = "Motrix Extension";
				INFOPLIST_KEY_NSHumanReadableCopyright = "";
				INFOPLIST_KEY_NSMainStoryboardFile = Main;
				INFOPLIST_KEY_NSPrincipalClass = NSApplication;
				LD_RUNPATH_SEARCH_PATHS = (
					"$(inherited)",
					"@executable_path/../Frameworks",
				);
				MARKETING_VERSION = 1.0;
				OTHER_LDFLAGS = (
					"-framework",
					SafariServices,
					"-framework",
					WebKit,
				);
				PRODUCT_BUNDLE_IDENTIFIER = "net.motrix.safari-extension";
				PRODUCT_NAME = "$(TARGET_NAME)";
				REGISTER_APP_GROUPS = YES;
				STRING_CATALOG_GENERATE_SYMBOLS = YES;
				SWIFT_APPROACHABLE_CONCURRENCY = YES;
				SWIFT_DEFAULT_ACTOR_ISOLATION = MainActor;
				SWIFT_EMIT_LOC_STRINGS = YES;
				SWIFT_UPCOMING_FEATURE_MEMBER_IMPORT_VISIBILITY = YES;
				SWIFT_VERSION = 5.0;
			};
			name = Debug;
		};
		AAB539812ED05D6B00BCFE4C /* Release */ = {
			isa = XCBuildConfiguration;
			buildSettings = {
				ASSETCATALOG_COMPILER_APPICON_NAME = AppIcon;
				ASSETCATALOG_COMPILER_GLOBAL_ACCENT_COLOR_NAME = AccentColor;
				CODE_SIGN_STYLE = Automatic;
				COMBINE_HIDPI_IMAGES = YES;
				CURRENT_PROJECT_VERSION = 1;
				ENABLE_APP_SANDBOX = YES;
				ENABLE_HARDENED_RUNTIME = YES;
				ENABLE_OUTGOING_NETWORK_CONNECTIONS = YES;
				ENABLE_USER_SELECTED_FILES = readonly;
				GENERATE_INFOPLIST_FILE = YES;
				INFOPLIST_FILE = "Motrix Extension/Info.plist";
				INFOPLIST_KEY_CFBundleDisplayName = "Motrix Extension";
				INFOPLIST_KEY_NSHumanReadableCopyright = "";
				INFOPLIST_KEY_NSMainStoryboardFile = Main;
				INFOPLIST_KEY_NSPrincipalClass = NSApplication;
				LD_RUNPATH_SEARCH_PATHS = (
					"$(inherited)",
					"@executable_path/../Frameworks",
				);
				MARKETING_VERSION = 1.0;
				OTHER_LDFLAGS = (
					"-framework",
					SafariServices,
					"-framework",
					WebKit,
				);
				PRODUCT_BUNDLE_IDENTIFIER = "net.motrix.safari-extension";
				PRODUCT_NAME = "$(TARGET_NAME)";
				REGISTER_APP_GROUPS = YES;
				STRING_CATALOG_GENERATE_SYMBOLS = YES;
				SWIFT_APPROACHABLE_CONCURRENCY = YES;
				SWIFT_DEFAULT_ACTOR_ISOLATION = MainActor;
				SWIFT_EMIT_LOC_STRINGS = YES;
				SWIFT_UPCOMING_FEATURE_MEMBER_IMPORT_VISIBILITY = YES;
				SWIFT_VERSION = 5.0;
			};
			name = Release;
		};
/* End XCBuildConfiguration section */

/* Begin XCConfigurationList section */
		AAB539512ED05D6A00BCFE4C /* Build configuration list for PBXProject "Motrix Extension" */ = {
			isa = XCConfigurationList;
			buildConfigurations = (
				AAB539792ED05D6B00BCFE4C /* Debug */,
				AAB5397A2ED05D6B00BCFE4C /* Release */,
			);
			defaultConfigurationIsVisible = 0;
			defaultConfigurationName = Release;
		};
		AAB5397B2ED05D6B00BCFE4C /* Build configuration list for PBXNativeTarget "Motrix Extension Extension" */ = {
			isa = XCConfigurationList;
			buildConfigurations = (
				AAB5397C2ED05D6B00BCFE4C /* Debug */,
				AAB5397D2ED05D6B00BCFE4C /* Release */,
			);
			defaultConfigurationIsVisible = 0;
			defaultConfigurationName = Release;
		};
		AAB5397F2ED05D6B00BCFE4C /* Build configuration list for PBXNativeTarget "Motrix Extension" */ = {
			isa = XCConfigurationList;
			buildConfigurations = (
				AAB539802ED05D6B00BCFE4C /* Debug */,
				AAB539812ED05D6B00BCFE4C /* Release */,
			);
			defaultConfigurationIsVisible = 0;
			defaultConfigurationName = Release;
		};
/* End XCConfigurationList section */
	};
	rootObject = AAB5394E2ED05D6A00BCFE4C /* Project object */;
}
